
Microsoft Visual Studio Solution File, Format Version 12.00
# Visual Studio Version 16
VisualStudioVersion = 16.0.30104.148
MinimumVisualStudioVersion = 10.0.40219.1
Project("{9A19103F-16F7-4668-BE54-9A1E7A4F7556}") = "Amazon.KinesisTap", "Amazon.KinesisTap\Amazon.KinesisTap.csproj", "{1CE3DDD0-7FDC-4EDF-86F0-C9592FC9E895}"
EndProject
Project("{9A19103F-16F7-4668-BE54-9A1E7A4F7556}") = "Amazon.KinesisTap.Core", "Amazon.KinesisTap.Core\Amazon.KinesisTap.Core.csproj", "{64117EDF-E228-43CB-9425-9C3A7F2EBD99}"
EndProject
Project("{9A19103F-16F7-4668-BE54-9A1E7A4F7556}") = "Amazon.KinesisTap.Core.Test", "Amazon.KinesisTap.Core.Test\Amazon.KinesisTap.Core.Test.csproj", "{93EDDDEB-667D-4629-8743-422045CA9A57}"
EndProject
Project("{9A19103F-16F7-4668-BE54-9A1E7A4F7556}") = "Amazon.KinesisTap.AWS", "Amazon.KinesisTap.AWS\Amazon.KinesisTap.AWS.csproj", "{E0708A8E-149C-4968-9313-DE3779721045}"
EndProject
Project("{9A19103F-16F7-4668-BE54-9A1E7A4F7556}") = "Amazon.KinesisTap.Windows", "Amazon.KinesisTap.Windows\Amazon.KinesisTap.Windows.csproj", "{6B0C158A-4100-440B-8155-8ED309A75B81}"
EndProject
Project("{9A19103F-16F7-4668-BE54-9A1E7A4F7556}") = "Amazon.KinesisTap.Windows.Test", "Amazon.KinesisTap.Windows.Test\Amazon.KinesisTap.Windows.Test.csproj", "{623FAF49-4659-4AA4-A733-3442FA9C0D01}"
EndProject
Project("{2150E333-8FDC-42A3-9474-1A3956D46DE8}") = "src", "src", "{6CE3DFA4-D689-476E-832D-9CCA261CA1AB}"
EndProject
Project("{2150E333-8FDC-42A3-9474-1A3956D46DE8}") = "test", "test", "{59AF3E35-C33A-4A3B-9E1B-BAA76439D006}"
EndProject
Project("{9A19103F-16F7-4668-BE54-9A1E7A4F7556}") = "Amazon.KinesisTap.Hosting", "Amazon.KinesisTap.Hosting\Amazon.KinesisTap.Hosting.csproj", "{BA06FC95-2E11-4277-9377-77D1E9F2A21A}"
EndProject
Project("{2150E333-8FDC-42A3-9474-1A3956D46DE8}") = "tool", "tool", "{0F905F85-F232-4F86-A5B2-A2F06E5E6E19}"
EndProject
Project("{9A19103F-16F7-4668-BE54-9A1E7A4F7556}") = "Amazon.KinesisTap.DiagnosticTool", "Amazon.KinesisTap.DiagnosticTool\Amazon.KinesisTap.DiagnosticTool.csproj", "{4F9CF5CD-FE9A-4CF1-A1D2-0CE55F1A6829}"
EndProject
Project("{9A19103F-16F7-4668-BE54-9A1E7A4F7556}") = "Amazon.KinesisTap.ExchangeSource", "Amazon.KinesisTap.ExchangeSource\Amazon.KinesisTap.ExchangeSource.csproj", "{9BDFB158-BB03-45F1-A938-8C2D59EBB3A2}"
EndProject
Project("{9A19103F-16F7-4668-BE54-9A1E7A4F7556}") = "Amazon.KinesisTap.Test.Common", "Amazon.KinesisTap.Test.Common\Amazon.KinesisTap.Test.Common.csproj", "{FEB388D7-E9E9-458D-B392-1053F054D4B8}"
EndProject
Project("{9A19103F-16F7-4668-BE54-9A1E7A4F7556}") = "Amazon.KinesisTap.Uls", "Amazon.KinesisTap.Uls\Amazon.KinesisTap.Uls.csproj", "{C05F2A83-44C3-4022-A6D6-421C74049CCF}"
EndProject
Project("{9A19103F-16F7-4668-BE54-9A1E7A4F7556}") = "Amazon.KinesisTap.Uls.Test", "Amazon.KinesisTap.Uls.Test\Amazon.KinesisTap.Uls.Test.csproj", "{09718400-DBD1-43D8-9AF0-A97D97F83013}"
EndProject
Project("{9A19103F-16F7-4668-BE54-9A1E7A4F7556}") = "Amazon.KinesisTap.AutoUpdate", "Amazon.KinesisTap.AutoUpdate\Amazon.KinesisTap.AutoUpdate.csproj", "{5D2751FF-BEA6-4F08-91C0-41BDE2DC5F9B}"
EndProject
Project("{9A19103F-16F7-4668-BE54-9A1E7A4F7556}") = "Amazon.KinesisTap.EtwEvent.Test", "Amazon.KinesisTap.EtwEvent.Test\Amazon.KinesisTap.EtwEvent.Test.csproj", "{FD7201DC-80BC-421E-8533-302B2315BE01}"
EndProject
Project("{9A19103F-16F7-4668-BE54-9A1E7A4F7556}") = "Amazon.KinesisTap.DiagnosticTool.Core", "Amazon.KinesisTap.DiagnosticTool.Core\Amazon.KinesisTap.DiagnosticTool.Core.csproj", "{480D613E-2E4E-494D-A88E-FBC81F6559F4}"
EndProject
Project("{9A19103F-16F7-4668-BE54-9A1E7A4F7556}") = "Amazon.KinesisTap.Expression", "Amazon.KinesisTap.Expression\Amazon.KinesisTap.Expression.csproj", "{D4CB6105-9D98-44B4-BDBA-885F081D8432}"
EndProject
Project("{9A19103F-16F7-4668-BE54-9A1E7A4F7556}") = "Amazon.KinesisTap.Expression.Test", "Amazon.KinesisTap.Expression.Test\Amazon.KinesisTap.Expression.Test.csproj", "{05AB5CD0-B79D-4FAC-99BA-341F51ED8490}"
EndProject
Project("{2150E333-8FDC-42A3-9474-1A3956D46DE8}") = "example", "example", "{D3F846C4-AEEC-440B-B4B9-A34EFBF1BB8E}"
EndProject
Project("{9A19103F-16F7-4668-BE54-9A1E7A4F7556}") = "Amazon.KinesisTap.ParserExamples", "Amazon.KinesisTap.ParserExamples\Amazon.KinesisTap.ParserExamples.csproj", "{8734C519-4D5F-4893-9EB0-CD90B42CF776}"
EndProject
Project("{9A19103F-16F7-4668-BE54-9A1E7A4F7556}") = "Amazon.KinesisTap.Shared", "Amazon.KinesisTap.Shared\Amazon.KinesisTap.Shared.csproj", "{C1E87070-5A6C-4C29-9E99-61A74E89DF99}"
EndProject
Global
	GlobalSection(SolutionConfigurationPlatforms) = preSolution
		Debug|Any CPU = Debug|Any CPU
		Debug|x64 = Debug|x64
		Debug|x86 = Debug|x86
		Release|Any CPU = Release|Any CPU
		Release|x64 = Release|x64
		Release|x86 = Release|x86
	EndGlobalSection
	GlobalSection(ProjectConfigurationPlatforms) = postSolution
		{1CE3DDD0-7FDC-4EDF-86F0-C9592FC9E895}.Debug|Any CPU.ActiveCfg = Debug|Any CPU
		{1CE3DDD0-7FDC-4EDF-86F0-C9592FC9E895}.Debug|Any CPU.Build.0 = Debug|Any CPU
		{1CE3DDD0-7FDC-4EDF-86F0-C9592FC9E895}.Debug|x64.ActiveCfg = Debug|Any CPU
		{1CE3DDD0-7FDC-4EDF-86F0-C9592FC9E895}.Debug|x64.Build.0 = Debug|Any CPU
		{1CE3DDD0-7FDC-4EDF-86F0-C9592FC9E895}.Debug|x86.ActiveCfg = Debug|Any CPU
		{1CE3DDD0-7FDC-4EDF-86F0-C9592FC9E895}.Debug|x86.Build.0 = Debug|Any CPU
		{1CE3DDD0-7FDC-4EDF-86F0-C9592FC9E895}.Release|Any CPU.ActiveCfg = Release|Any CPU
		{1CE3DDD0-7FDC-4EDF-86F0-C9592FC9E895}.Release|Any CPU.Build.0 = Release|Any CPU
		{1CE3DDD0-7FDC-4EDF-86F0-C9592FC9E895}.Release|x64.ActiveCfg = Release|Any CPU
		{1CE3DDD0-7FDC-4EDF-86F0-C9592FC9E895}.Release|x64.Build.0 = Release|Any CPU
		{1CE3DDD0-7FDC-4EDF-86F0-C9592FC9E895}.Release|x86.ActiveCfg = Release|Any CPU
		{1CE3DDD0-7FDC-4EDF-86F0-C9592FC9E895}.Release|x86.Build.0 = Release|Any CPU
		{64117EDF-E228-43CB-9425-9C3A7F2EBD99}.Debug|Any CPU.ActiveCfg = Debug|Any CPU
		{64117EDF-E228-43CB-9425-9C3A7F2EBD99}.Debug|Any CPU.Build.0 = Debug|Any CPU
		{64117EDF-E228-43CB-9425-9C3A7F2EBD99}.Debug|x64.ActiveCfg = Debug|Any CPU
		{64117EDF-E228-43CB-9425-9C3A7F2EBD99}.Debug|x64.Build.0 = Debug|Any CPU
		{64117EDF-E228-43CB-9425-9C3A7F2EBD99}.Debug|x86.ActiveCfg = Debug|Any CPU
		{64117EDF-E228-43CB-9425-9C3A7F2EBD99}.Debug|x86.Build.0 = Debug|Any CPU
		{64117EDF-E228-43CB-9425-9C3A7F2EBD99}.Release|Any CPU.ActiveCfg = Release|Any CPU
		{64117EDF-E228-43CB-9425-9C3A7F2EBD99}.Release|Any CPU.Build.0 = Release|Any CPU
		{64117EDF-E228-43CB-9425-9C3A7F2EBD99}.Release|x64.ActiveCfg = Release|Any CPU
		{64117EDF-E228-43CB-9425-9C3A7F2EBD99}.Release|x64.Build.0 = Release|Any CPU
		{64117EDF-E228-43CB-9425-9C3A7F2EBD99}.Release|x86.ActiveCfg = Release|Any CPU
		{64117EDF-E228-43CB-9425-9C3A7F2EBD99}.Release|x86.Build.0 = Release|Any CPU
		{93EDDDEB-667D-4629-8743-422045CA9A57}.Debug|Any CPU.ActiveCfg = Debug|Any CPU
		{93EDDDEB-667D-4629-8743-422045CA9A57}.Debug|Any CPU.Build.0 = Debug|Any CPU
		{93EDDDEB-667D-4629-8743-422045CA9A57}.Debug|x64.ActiveCfg = Debug|Any CPU
		{93EDDDEB-667D-4629-8743-422045CA9A57}.Debug|x64.Build.0 = Debug|Any CPU
		{93EDDDEB-667D-4629-8743-422045CA9A57}.Debug|x86.ActiveCfg = Debug|Any CPU
		{93EDDDEB-667D-4629-8743-422045CA9A57}.Debug|x86.Build.0 = Debug|Any CPU
		{93EDDDEB-667D-4629-8743-422045CA9A57}.Release|Any CPU.ActiveCfg = Release|Any CPU
		{93EDDDEB-667D-4629-8743-422045CA9A57}.Release|Any CPU.Build.0 = Release|Any CPU
		{93EDDDEB-667D-4629-8743-422045CA9A57}.Release|x64.ActiveCfg = Release|Any CPU
		{93EDDDEB-667D-4629-8743-422045CA9A57}.Release|x64.Build.0 = Release|Any CPU
		{93EDDDEB-667D-4629-8743-422045CA9A57}.Release|x86.ActiveCfg = Release|Any CPU
		{93EDDDEB-667D-4629-8743-422045CA9A57}.Release|x86.Build.0 = Release|Any CPU
		{E0708A8E-149C-4968-9313-DE3779721045}.Debug|Any CPU.ActiveCfg = Debug|Any CPU
		{E0708A8E-149C-4968-9313-DE3779721045}.Debug|Any CPU.Build.0 = Debug|Any CPU
		{E0708A8E-149C-4968-9313-DE3779721045}.Debug|x64.ActiveCfg = Debug|Any CPU
		{E0708A8E-149C-4968-9313-DE3779721045}.Debug|x64.Build.0 = Debug|Any CPU
		{E0708A8E-149C-4968-9313-DE3779721045}.Debug|x86.ActiveCfg = Debug|Any CPU
		{E0708A8E-149C-4968-9313-DE3779721045}.Debug|x86.Build.0 = Debug|Any CPU
		{E0708A8E-149C-4968-9313-DE3779721045}.Release|Any CPU.ActiveCfg = Release|Any CPU
		{E0708A8E-149C-4968-9313-DE3779721045}.Release|Any CPU.Build.0 = Release|Any CPU
		{E0708A8E-149C-4968-9313-DE3779721045}.Release|x64.ActiveCfg = Release|Any CPU
		{E0708A8E-149C-4968-9313-DE3779721045}.Release|x64.Build.0 = Release|Any CPU
		{E0708A8E-149C-4968-9313-DE3779721045}.Release|x86.ActiveCfg = Release|Any CPU
		{E0708A8E-149C-4968-9313-DE3779721045}.Release|x86.Build.0 = Release|Any CPU
		{6B0C158A-4100-440B-8155-8ED309A75B81}.Debug|Any CPU.ActiveCfg = Debug|Any CPU
		{6B0C158A-4100-440B-8155-8ED309A75B81}.Debug|Any CPU.Build.0 = Debug|Any CPU
		{6B0C158A-4100-440B-8155-8ED309A75B81}.Debug|x64.ActiveCfg = Debug|Any CPU
		{6B0C158A-4100-440B-8155-8ED309A75B81}.Debug|x64.Build.0 = Debug|Any CPU
		{6B0C158A-4100-440B-8155-8ED309A75B81}.Debug|x86.ActiveCfg = Debug|Any CPU
		{6B0C158A-4100-440B-8155-8ED309A75B81}.Debug|x86.Build.0 = Debug|Any CPU
		{6B0C158A-4100-440B-8155-8ED309A75B81}.Release|Any CPU.ActiveCfg = Release|Any CPU
		{6B0C158A-4100-440B-8155-8ED309A75B81}.Release|Any CPU.Build.0 = Release|Any CPU
		{6B0C158A-4100-440B-8155-8ED309A75B81}.Release|x64.ActiveCfg = Release|Any CPU
		{6B0C158A-4100-440B-8155-8ED309A75B81}.Release|x64.Build.0 = Release|Any CPU
		{6B0C158A-4100-440B-8155-8ED309A75B81}.Release|x86.ActiveCfg = Release|Any CPU
		{6B0C158A-4100-440B-8155-8ED309A75B81}.Release|x86.Build.0 = Release|Any CPU
		{623FAF49-4659-4AA4-A733-3442FA9C0D01}.Debug|Any CPU.ActiveCfg = Debug|Any CPU
		{623FAF49-4659-4AA4-A733-3442FA9C0D01}.Debug|Any CPU.Build.0 = Debug|Any CPU
		{623FAF49-4659-4AA4-A733-3442FA9C0D01}.Debug|x64.ActiveCfg = Debug|Any CPU
		{623FAF49-4659-4AA4-A733-3442FA9C0D01}.Debug|x64.Build.0 = Debug|Any CPU
		{623FAF49-4659-4AA4-A733-3442FA9C0D01}.Debug|x86.ActiveCfg = Debug|Any CPU
		{623FAF49-4659-4AA4-A733-3442FA9C0D01}.Debug|x86.Build.0 = Debug|Any CPU
		{623FAF49-4659-4AA4-A733-3442FA9C0D01}.Release|Any CPU.ActiveCfg = Release|Any CPU
		{623FAF49-4659-4AA4-A733-3442FA9C0D01}.Release|Any CPU.Build.0 = Release|Any CPU
		{623FAF49-4659-4AA4-A733-3442FA9C0D01}.Release|x64.ActiveCfg = Release|Any CPU
		{623FAF49-4659-4AA4-A733-3442FA9C0D01}.Release|x64.Build.0 = Release|Any CPU
		{623FAF49-4659-4AA4-A733-3442FA9C0D01}.Release|x86.ActiveCfg = Release|Any CPU
		{623FAF49-4659-4AA4-A733-3442FA9C0D01}.Release|x86.Build.0 = Release|Any CPU
		{BA06FC95-2E11-4277-9377-77D1E9F2A21A}.Debug|Any CPU.ActiveCfg = Debug|Any CPU
		{BA06FC95-2E11-4277-9377-77D1E9F2A21A}.Debug|Any CPU.Build.0 = Debug|Any CPU
		{BA06FC95-2E11-4277-9377-77D1E9F2A21A}.Debug|x64.ActiveCfg = Debug|Any CPU
		{BA06FC95-2E11-4277-9377-77D1E9F2A21A}.Debug|x64.Build.0 = Debug|Any CPU
		{BA06FC95-2E11-4277-9377-77D1E9F2A21A}.Debug|x86.ActiveCfg = Debug|Any CPU
		{BA06FC95-2E11-4277-9377-77D1E9F2A21A}.Debug|x86.Build.0 = Debug|Any CPU
		{BA06FC95-2E11-4277-9377-77D1E9F2A21A}.Release|Any CPU.ActiveCfg = Release|Any CPU
		{BA06FC95-2E11-4277-9377-77D1E9F2A21A}.Release|Any CPU.Build.0 = Release|Any CPU
		{BA06FC95-2E11-4277-9377-77D1E9F2A21A}.Release|x64.ActiveCfg = Release|Any CPU
		{BA06FC95-2E11-4277-9377-77D1E9F2A21A}.Release|x64.Build.0 = Release|Any CPU
		{BA06FC95-2E11-4277-9377-77D1E9F2A21A}.Release|x86.ActiveCfg = Release|Any CPU
		{BA06FC95-2E11-4277-9377-77D1E9F2A21A}.Release|x86.Build.0 = Release|Any CPU
		{4F9CF5CD-FE9A-4CF1-A1D2-0CE55F1A6829}.Debug|Any CPU.ActiveCfg = Debug|Any CPU
		{4F9CF5CD-FE9A-4CF1-A1D2-0CE55F1A6829}.Debug|Any CPU.Build.0 = Debug|Any CPU
		{4F9CF5CD-FE9A-4CF1-A1D2-0CE55F1A6829}.Debug|x64.ActiveCfg = Debug|Any CPU
		{4F9CF5CD-FE9A-4CF1-A1D2-0CE55F1A6829}.Debug|x64.Build.0 = Debug|Any CPU
		{4F9CF5CD-FE9A-4CF1-A1D2-0CE55F1A6829}.Debug|x86.ActiveCfg = Debug|Any CPU
		{4F9CF5CD-FE9A-4CF1-A1D2-0CE55F1A6829}.Debug|x86.Build.0 = Debug|Any CPU
		{4F9CF5CD-FE9A-4CF1-A1D2-0CE55F1A6829}.Release|Any CPU.ActiveCfg = Release|Any CPU
		{4F9CF5CD-FE9A-4CF1-A1D2-0CE55F1A6829}.Release|Any CPU.Build.0 = Release|Any CPU
		{4F9CF5CD-FE9A-4CF1-A1D2-0CE55F1A6829}.Release|x64.ActiveCfg = Release|Any CPU
		{4F9CF5CD-FE9A-4CF1-A1D2-0CE55F1A6829}.Release|x64.Build.0 = Release|Any CPU
		{4F9CF5CD-FE9A-4CF1-A1D2-0CE55F1A6829}.Release|x86.ActiveCfg = Release|Any CPU
		{4F9CF5CD-FE9A-4CF1-A1D2-0CE55F1A6829}.Release|x86.Build.0 = Release|Any CPU
		{9BDFB158-BB03-45F1-A938-8C2D59EBB3A2}.Debug|Any CPU.ActiveCfg = Debug|Any CPU
		{9BDFB158-BB03-45F1-A938-8C2D59EBB3A2}.Debug|Any CPU.Build.0 = Debug|Any CPU
		{9BDFB158-BB03-45F1-A938-8C2D59EBB3A2}.Debug|x64.ActiveCfg = Debug|Any CPU
		{9BDFB158-BB03-45F1-A938-8C2D59EBB3A2}.Debug|x64.Build.0 = Debug|Any CPU
		{9BDFB158-BB03-45F1-A938-8C2D59EBB3A2}.Debug|x86.ActiveCfg = Debug|Any CPU
		{9BDFB158-BB03-45F1-A938-8C2D59EBB3A2}.Debug|x86.Build.0 = Debug|Any CPU
		{9BDFB158-BB03-45F1-A938-8C2D59EBB3A2}.Release|Any CPU.ActiveCfg = Release|Any CPU
		{9BDFB158-BB03-45F1-A938-8C2D59EBB3A2}.Release|Any CPU.Build.0 = Release|Any CPU
		{9BDFB158-BB03-45F1-A938-8C2D59EBB3A2}.Release|x64.ActiveCfg = Release|Any CPU
		{9BDFB158-BB03-45F1-A938-8C2D59EBB3A2}.Release|x64.Build.0 = Release|Any CPU
		{9BDFB158-BB03-45F1-A938-8C2D59EBB3A2}.Release|x86.ActiveCfg = Release|Any CPU
		{9BDFB158-BB03-45F1-A938-8C2D59EBB3A2}.Release|x86.Build.0 = Release|Any CPU
		{FEB388D7-E9E9-458D-B392-1053F054D4B8}.Debug|Any CPU.ActiveCfg = Debug|Any CPU
		{FEB388D7-E9E9-458D-B392-1053F054D4B8}.Debug|Any CPU.Build.0 = Debug|Any CPU
		{FEB388D7-E9E9-458D-B392-1053F054D4B8}.Debug|x64.ActiveCfg = Debug|Any CPU
		{FEB388D7-E9E9-458D-B392-1053F054D4B8}.Debug|x64.Build.0 = Debug|Any CPU
		{FEB388D7-E9E9-458D-B392-1053F054D4B8}.Debug|x86.ActiveCfg = Debug|Any CPU
		{FEB388D7-E9E9-458D-B392-1053F054D4B8}.Debug|x86.Build.0 = Debug|Any CPU
		{FEB388D7-E9E9-458D-B392-1053F054D4B8}.Release|Any CPU.ActiveCfg = Release|Any CPU
		{FEB388D7-E9E9-458D-B392-1053F054D4B8}.Release|Any CPU.Build.0 = Release|Any CPU
		{FEB388D7-E9E9-458D-B392-1053F054D4B8}.Release|x64.ActiveCfg = Release|Any CPU
		{FEB388D7-E9E9-458D-B392-1053F054D4B8}.Release|x64.Build.0 = Release|Any CPU
		{FEB388D7-E9E9-458D-B392-1053F054D4B8}.Release|x86.ActiveCfg = Release|Any CPU
		{FEB388D7-E9E9-458D-B392-1053F054D4B8}.Release|x86.Build.0 = Release|Any CPU
		{C05F2A83-44C3-4022-A6D6-421C74049CCF}.Debug|Any CPU.ActiveCfg = Debug|Any CPU
		{C05F2A83-44C3-4022-A6D6-421C74049CCF}.Debug|Any CPU.Build.0 = Debug|Any CPU
		{C05F2A83-44C3-4022-A6D6-421C74049CCF}.Debug|x64.ActiveCfg = Debug|Any CPU
		{C05F2A83-44C3-4022-A6D6-421C74049CCF}.Debug|x64.Build.0 = Debug|Any CPU
		{C05F2A83-44C3-4022-A6D6-421C74049CCF}.Debug|x86.ActiveCfg = Debug|Any CPU
		{C05F2A83-44C3-4022-A6D6-421C74049CCF}.Debug|x86.Build.0 = Debug|Any CPU
		{C05F2A83-44C3-4022-A6D6-421C74049CCF}.Release|Any CPU.ActiveCfg = Release|Any CPU
		{C05F2A83-44C3-4022-A6D6-421C74049CCF}.Release|Any CPU.Build.0 = Release|Any CPU
		{C05F2A83-44C3-4022-A6D6-421C74049CCF}.Release|x64.ActiveCfg = Release|Any CPU
		{C05F2A83-44C3-4022-A6D6-421C74049CCF}.Release|x64.Build.0 = Release|Any CPU
		{C05F2A83-44C3-4022-A6D6-421C74049CCF}.Release|x86.ActiveCfg = Release|Any CPU
		{C05F2A83-44C3-4022-A6D6-421C74049CCF}.Release|x86.Build.0 = Release|Any CPU
		{09718400-DBD1-43D8-9AF0-A97D97F83013}.Debug|Any CPU.ActiveCfg = Debug|Any CPU
		{09718400-DBD1-43D8-9AF0-A97D97F83013}.Debug|Any CPU.Build.0 = Debug|Any CPU
		{09718400-DBD1-43D8-9AF0-A97D97F83013}.Debug|x64.ActiveCfg = Debug|Any CPU
		{09718400-DBD1-43D8-9AF0-A97D97F83013}.Debug|x64.Build.0 = Debug|Any CPU
		{09718400-DBD1-43D8-9AF0-A97D97F83013}.Debug|x86.ActiveCfg = Debug|Any CPU
		{09718400-DBD1-43D8-9AF0-A97D97F83013}.Debug|x86.Build.0 = Debug|Any CPU
		{09718400-DBD1-43D8-9AF0-A97D97F83013}.Release|Any CPU.ActiveCfg = Release|Any CPU
		{09718400-DBD1-43D8-9AF0-A97D97F83013}.Release|Any CPU.Build.0 = Release|Any CPU
		{09718400-DBD1-43D8-9AF0-A97D97F83013}.Release|x64.ActiveCfg = Release|Any CPU
		{09718400-DBD1-43D8-9AF0-A97D97F83013}.Release|x64.Build.0 = Release|Any CPU
		{09718400-DBD1-43D8-9AF0-A97D97F83013}.Release|x86.ActiveCfg = Release|Any CPU
		{09718400-DBD1-43D8-9AF0-A97D97F83013}.Release|x86.Build.0 = Release|Any CPU
		{5D2751FF-BEA6-4F08-91C0-41BDE2DC5F9B}.Debug|Any CPU.ActiveCfg = Debug|Any CPU
		{5D2751FF-BEA6-4F08-91C0-41BDE2DC5F9B}.Debug|Any CPU.Build.0 = Debug|Any CPU
		{5D2751FF-BEA6-4F08-91C0-41BDE2DC5F9B}.Debug|x64.ActiveCfg = Debug|Any CPU
		{5D2751FF-BEA6-4F08-91C0-41BDE2DC5F9B}.Debug|x64.Build.0 = Debug|Any CPU
		{5D2751FF-BEA6-4F08-91C0-41BDE2DC5F9B}.Debug|x86.ActiveCfg = Debug|Any CPU
		{5D2751FF-BEA6-4F08-91C0-41BDE2DC5F9B}.Debug|x86.Build.0 = Debug|Any CPU
		{5D2751FF-BEA6-4F08-91C0-41BDE2DC5F9B}.Release|Any CPU.ActiveCfg = Release|Any CPU
		{5D2751FF-BEA6-4F08-91C0-41BDE2DC5F9B}.Release|Any CPU.Build.0 = Release|Any CPU
		{5D2751FF-BEA6-4F08-91C0-41BDE2DC5F9B}.Release|x64.ActiveCfg = Release|Any CPU
		{5D2751FF-BEA6-4F08-91C0-41BDE2DC5F9B}.Release|x64.Build.0 = Release|Any CPU
		{5D2751FF-BEA6-4F08-91C0-41BDE2DC5F9B}.Release|x86.ActiveCfg = Release|Any CPU
		{5D2751FF-BEA6-4F08-91C0-41BDE2DC5F9B}.Release|x86.Build.0 = Release|Any CPU
		{FD7201DC-80BC-421E-8533-302B2315BE01}.Debug|Any CPU.ActiveCfg = Debug|Any CPU
		{FD7201DC-80BC-421E-8533-302B2315BE01}.Debug|Any CPU.Build.0 = Debug|Any CPU
		{FD7201DC-80BC-421E-8533-302B2315BE01}.Debug|x64.ActiveCfg = Debug|Any CPU
		{FD7201DC-80BC-421E-8533-302B2315BE01}.Debug|x64.Build.0 = Debug|Any CPU
		{FD7201DC-80BC-421E-8533-302B2315BE01}.Debug|x86.ActiveCfg = Debug|Any CPU
		{FD7201DC-80BC-421E-8533-302B2315BE01}.Debug|x86.Build.0 = Debug|Any CPU
		{FD7201DC-80BC-421E-8533-302B2315BE01}.Release|Any CPU.ActiveCfg = Release|Any CPU
		{FD7201DC-80BC-421E-8533-302B2315BE01}.Release|Any CPU.Build.0 = Release|Any CPU
		{FD7201DC-80BC-421E-8533-302B2315BE01}.Release|x64.ActiveCfg = Release|Any CPU
		{FD7201DC-80BC-421E-8533-302B2315BE01}.Release|x64.Build.0 = Release|Any CPU
		{FD7201DC-80BC-421E-8533-302B2315BE01}.Release|x86.ActiveCfg = Release|Any CPU
		{FD7201DC-80BC-421E-8533-302B2315BE01}.Release|x86.Build.0 = Release|Any CPU
		{480D613E-2E4E-494D-A88E-FBC81F6559F4}.Debug|Any CPU.ActiveCfg = Debug|Any CPU
		{480D613E-2E4E-494D-A88E-FBC81F6559F4}.Debug|Any CPU.Build.0 = Debug|Any CPU
		{480D613E-2E4E-494D-A88E-FBC81F6559F4}.Debug|x64.ActiveCfg = Debug|Any CPU
		{480D613E-2E4E-494D-A88E-FBC81F6559F4}.Debug|x64.Build.0 = Debug|Any CPU
		{480D613E-2E4E-494D-A88E-FBC81F6559F4}.Debug|x86.ActiveCfg = Debug|Any CPU
		{480D613E-2E4E-494D-A88E-FBC81F6559F4}.Debug|x86.Build.0 = Debug|Any CPU
		{480D613E-2E4E-494D-A88E-FBC81F6559F4}.Release|Any CPU.ActiveCfg = Release|Any CPU
		{480D613E-2E4E-494D-A88E-FBC81F6559F4}.Release|Any CPU.Build.0 = Release|Any CPU
		{480D613E-2E4E-494D-A88E-FBC81F6559F4}.Release|x64.ActiveCfg = Release|Any CPU
		{480D613E-2E4E-494D-A88E-FBC81F6559F4}.Release|x64.Build.0 = Release|Any CPU
		{480D613E-2E4E-494D-A88E-FBC81F6559F4}.Release|x86.ActiveCfg = Release|Any CPU
		{480D613E-2E4E-494D-A88E-FBC81F6559F4}.Release|x86.Build.0 = Release|Any CPU
		{D4CB6105-9D98-44B4-BDBA-885F081D8432}.Debug|Any CPU.ActiveCfg = Debug|Any CPU
		{D4CB6105-9D98-44B4-BDBA-885F081D8432}.Debug|Any CPU.Build.0 = Debug|Any CPU
		{D4CB6105-9D98-44B4-BDBA-885F081D8432}.Debug|x64.ActiveCfg = Debug|Any CPU
		{D4CB6105-9D98-44B4-BDBA-885F081D8432}.Debug|x64.Build.0 = Debug|Any CPU
		{D4CB6105-9D98-44B4-BDBA-885F081D8432}.Debug|x86.ActiveCfg = Debug|Any CPU
		{D4CB6105-9D98-44B4-BDBA-885F081D8432}.Debug|x86.Build.0 = Debug|Any CPU
		{D4CB6105-9D98-44B4-BDBA-885F081D8432}.Release|Any CPU.ActiveCfg = Release|Any CPU
		{D4CB6105-9D98-44B4-BDBA-885F081D8432}.Release|Any CPU.Build.0 = Release|Any CPU
		{D4CB6105-9D98-44B4-BDBA-885F081D8432}.Release|x64.ActiveCfg = Release|Any CPU
		{D4CB6105-9D98-44B4-BDBA-885F081D8432}.Release|x64.Build.0 = Release|Any CPU
		{D4CB6105-9D98-44B4-BDBA-885F081D8432}.Release|x86.ActiveCfg = Release|Any CPU
		{D4CB6105-9D98-44B4-BDBA-885F081D8432}.Release|x86.Build.0 = Release|Any CPU
		{05AB5CD0-B79D-4FAC-99BA-341F51ED8490}.Debug|Any CPU.ActiveCfg = Debug|Any CPU
		{05AB5CD0-B79D-4FAC-99BA-341F51ED8490}.Debug|Any CPU.Build.0 = Debug|Any CPU
		{05AB5CD0-B79D-4FAC-99BA-341F51ED8490}.Debug|x64.ActiveCfg = Debug|Any CPU
		{05AB5CD0-B79D-4FAC-99BA-341F51ED8490}.Debug|x64.Build.0 = Debug|Any CPU
		{05AB5CD0-B79D-4FAC-99BA-341F51ED8490}.Debug|x86.ActiveCfg = Debug|Any CPU
		{05AB5CD0-B79D-4FAC-99BA-341F51ED8490}.Debug|x86.Build.0 = Debug|Any CPU
		{05AB5CD0-B79D-4FAC-99BA-341F51ED8490}.Release|Any CPU.ActiveCfg = Release|Any CPU
		{05AB5CD0-B79D-4FAC-99BA-341F51ED8490}.Release|Any CPU.Build.0 = Release|Any CPU
		{05AB5CD0-B79D-4FAC-99BA-341F51ED8490}.Release|x64.ActiveCfg = Release|Any CPU
		{05AB5CD0-B79D-4FAC-99BA-341F51ED8490}.Release|x64.Build.0 = Release|Any CPU
		{05AB5CD0-B79D-4FAC-99BA-341F51ED8490}.Release|x86.ActiveCfg = Release|Any CPU
		{05AB5CD0-B79D-4FAC-99BA-341F51ED8490}.Release|x86.Build.0 = Release|Any CPU
		{8734C519-4D5F-4893-9EB0-CD90B42CF776}.Debug|Any CPU.ActiveCfg = Debug|Any CPU
		{8734C519-4D5F-4893-9EB0-CD90B42CF776}.Debug|Any CPU.Build.0 = Debug|Any CPU
		{8734C519-4D5F-4893-9EB0-CD90B42CF776}.Debug|x64.ActiveCfg = Debug|Any CPU
		{8734C519-4D5F-4893-9EB0-CD90B42CF776}.Debug|x64.Build.0 = Debug|Any CPU
		{8734C519-4D5F-4893-9EB0-CD90B42CF776}.Debug|x86.ActiveCfg = Debug|Any CPU
		{8734C519-4D5F-4893-9EB0-CD90B42CF776}.Debug|x86.Build.0 = Debug|Any CPU
		{8734C519-4D5F-4893-9EB0-CD90B42CF776}.Release|Any CPU.ActiveCfg = Release|Any CPU
		{8734C519-4D5F-4893-9EB0-CD90B42CF776}.Release|Any CPU.Build.0 = Release|Any CPU
		{8734C519-4D5F-4893-9EB0-CD90B42CF776}.Release|x64.ActiveCfg = Release|Any CPU
		{8734C519-4D5F-4893-9EB0-CD90B42CF776}.Release|x64.Build.0 = Release|Any CPU
		{8734C519-4D5F-4893-9EB0-CD90B42CF776}.Release|x86.ActiveCfg = Release|Any CPU
		{8734C519-4D5F-4893-9EB0-CD90B42CF776}.Release|x86.Build.0 = Release|Any CPU
		{C1E87070-5A6C-4C29-9E99-61A74E89DF99}.Debug|Any CPU.ActiveCfg = Debug|Any CPU
		{C1E87070-5A6C-4C29-9E99-61A74E89DF99}.Debug|Any CPU.Build.0 = Debug|Any CPU
		{C1E87070-5A6C-4C29-9E99-61A74E89DF99}.Debug|x64.ActiveCfg = Debug|Any CPU
		{C1E87070-5A6C-4C29-9E99-61A74E89DF99}.Debug|x64.Build.0 = Debug|Any CPU
		{C1E87070-5A6C-4C29-9E99-61A74E89DF99}.Debug|x86.ActiveCfg = Debug|Any CPU
		{C1E87070-5A6C-4C29-9E99-61A74E89DF99}.Debug|x86.Build.0 = Debug|Any CPU
		{C1E87070-5A6C-4C29-9E99-61A74E89DF99}.Release|Any CPU.ActiveCfg = Release|Any CPU
		{C1E87070-5A6C-4C29-9E99-61A74E89DF99}.Release|Any CPU.Build.0 = Release|Any CPU
		{C1E87070-5A6C-4C29-9E99-61A74E89DF99}.Release|x64.ActiveCfg = Release|Any CPU
		{C1E87070-5A6C-4C29-9E99-61A74E89DF99}.Release|x64.Build.0 = Release|Any CPU
		{C1E87070-5A6C-4C29-9E99-61A74E89DF99}.Release|x86.ActiveCfg = Release|Any CPU
		{C1E87070-5A6C-4C29-9E99-61A74E89DF99}.Release|x86.Build.0 = Release|Any CPU
	EndGlobalSection
	GlobalSection(SolutionProperties) = preSolution
		HideSolutionNode = FALSE
	EndGlobalSection
	GlobalSection(NestedProjects) = preSolution
		{1CE3DDD0-7FDC-4EDF-86F0-C9592FC9E895} = {6CE3DFA4-D689-476E-832D-9CCA261CA1AB}
		{64117EDF-E228-43CB-9425-9C3A7F2EBD99} = {6CE3DFA4-D689-476E-832D-9CCA261CA1AB}
		{93EDDDEB-667D-4629-8743-422045CA9A57} = {59AF3E35-C33A-4A3B-9E1B-BAA76439D006}
		{E0708A8E-149C-4968-9313-DE3779721045} = {6CE3DFA4-D689-476E-832D-9CCA261CA1AB}
		{6B0C158A-4100-440B-8155-8ED309A75B81} = {6CE3DFA4-D689-476E-832D-9CCA261CA1AB}
		{623FAF49-4659-4AA4-A733-3442FA9C0D01} = {59AF3E35-C33A-4A3B-9E1B-BAA76439D006}
		{BA06FC95-2E11-4277-9377-77D1E9F2A21A} = {6CE3DFA4-D689-476E-832D-9CCA261CA1AB}
		{4F9CF5CD-FE9A-4CF1-A1D2-0CE55F1A6829} = {0F905F85-F232-4F86-A5B2-A2F06E5E6E19}
		{9BDFB158-BB03-45F1-A938-8C2D59EBB3A2} = {6CE3DFA4-D689-476E-832D-9CCA261CA1AB}
		{FEB388D7-E9E9-458D-B392-1053F054D4B8} = {59AF3E35-C33A-4A3B-9E1B-BAA76439D006}
		{C05F2A83-44C3-4022-A6D6-421C74049CCF} = {6CE3DFA4-D689-476E-832D-9CCA261CA1AB}
		{09718400-DBD1-43D8-9AF0-A97D97F83013} = {59AF3E35-C33A-4A3B-9E1B-BAA76439D006}
		{5D2751FF-BEA6-4F08-91C0-41BDE2DC5F9B} = {6CE3DFA4-D689-476E-832D-9CCA261CA1AB}
		{FD7201DC-80BC-421E-8533-302B2315BE01} = {59AF3E35-C33A-4A3B-9E1B-BAA76439D006}
		{480D613E-2E4E-494D-A88E-FBC81F6559F4} = {0F905F85-F232-4F86-A5B2-A2F06E5E6E19}
		{D4CB6105-9D98-44B4-BDBA-885F081D8432} = {6CE3DFA4-D689-476E-832D-9CCA261CA1AB}
		{05AB5CD0-B79D-4FAC-99BA-341F51ED8490} = {59AF3E35-C33A-4A3B-9E1B-BAA76439D006}
		{8734C519-4D5F-4893-9EB0-CD90B42CF776} = {D3F846C4-AEEC-440B-B4B9-A34EFBF1BB8E}
		{C1E87070-5A6C-4C29-9E99-61A74E89DF99} = {6CE3DFA4-D689-476E-832D-9CCA261CA1AB}
	EndGlobalSection
	GlobalSection(ExtensibilityGlobals) = postSolution
		SolutionGuid = {F17B29AD-BF48-46EE-8A30-6CE143282C1D}
	EndGlobalSection
EndGlobal
